
Microsoft Visual Studio Solution File, Format Version 12.00
# Visual Studio Version 17
VisualStudioVersion = 17.5.33414.496
MinimumVisualStudioVersion = 10.0.40219.1
Project("{FAE04EC0-301F-11D3-BF4B-00C04F79EFBC}") = "teraconnects", "teraconnects\teraconnects.csproj", "{A8BBB2D8-3A46-42B7-A61A-D46E46780D58}"
EndProject
Global
	GlobalSection(SolutionConfigurationPlatforms) = preSolution
		Debug|Any CPU = Debug|Any CPU
		Release|Any CPU = Release|Any CPU
	EndGlobalSection
	GlobalSection(ProjectConfigurationPlatforms) = postSolution
		{A8BBB2D8-3A46-42B7-A61A-D46E46780D58}.Debug|Any CPU.ActiveCfg = Debug|Any CPU
		{A8BBB2D8-3A46-42B7-A61A-D46E46780D58}.Debug|Any CPU.Build.0 = Debug|Any CPU
		{A8BBB2D8-3A46-42B7-A61A-D46E46780D58}.Release|Any CPU.ActiveCfg = Release|Any CPU
		{A8BBB2D8-3A46-42B7-A61A-D46E46780D58}.Release|Any CPU.Build.0 = Release|Any CPU
	EndGlobalSection
	GlobalSection(SolutionProperties) = preSolution
		HideSolutionNode = FALSE
	EndGlobalSection
	GlobalSection(ExtensibilityGlobals) = postSolution
		SolutionGuid = {EBE96E87-5602-4EE3-9694-9A064CBDAFEE}
	EndGlobalSection
EndGlobal
